
Microsoft Visual Studio Solution File, Format Version 12.00
# Visual Studio Version 17
VisualStudioVersion = 17.5.33502.453
MinimumVisualStudioVersion = 10.0.40219.1
Project("{FAE04EC0-301F-11D3-BF4B-00C04F79EFBC}") = "Practice - Inheritance", "Practice - Inheritance.csproj", "{BE161A6E-1AC6-4F2A-AA76-B8CE560BE571}"
EndProject
Global
	GlobalSection(SolutionConfigurationPlatforms) = preSolution
		Debug|Any CPU = Debug|Any CPU
		Release|Any CPU = Release|Any CPU
	EndGlobalSection
	GlobalSection(ProjectConfigurationPlatforms) = postSolution
		{BE161A6E-1AC6-4F2A-AA76-B8CE560BE571}.Debug|Any CPU.ActiveCfg = Debug|Any CPU
		{BE161A6E-1AC6-4F2A-AA76-B8CE560BE571}.Debug|Any CPU.Build.0 = Debug|Any CPU
		{BE161A6E-1AC6-4F2A-AA76-B8CE560BE571}.Release|Any CPU.ActiveCfg = Release|Any CPU
		{BE161A6E-1AC6-4F2A-AA76-B8CE560BE571}.Release|Any CPU.Build.0 = Release|Any CPU
	EndGlobalSection
	GlobalSection(SolutionProperties) = preSolution
		HideSolutionNode = FALSE
	EndGlobalSection
	GlobalSection(ExtensibilityGlobals) = postSolution
		SolutionGuid = {F468EE6F-EC47-4A72-B02A-5CC42AF34D85}
	EndGlobalSection
EndGlobal
